
Microsoft Visual Studio Solution File, Format Version 12.00
# Visual Studio Version 16
VisualStudioVersion = 16.0.30320.27
MinimumVisualStudioVersion = 10.0.40219.1
Project("{FAE04EC0-301F-11D3-BF4B-00C04F79EFBC}") = "MyTestClassLibrary", "src\MyTestClassLibary\MyTestClassLibrary.csproj", "{A902FED5-2BCD-46C2-974A-4087C711B9DE}"
EndProject
Global
	GlobalSection(SolutionConfigurationPlatforms) = preSolution
		Debug|Any CPU = Debug|Any CPU
		Release|Any CPU = Release|Any CPU
	EndGlobalSection
	GlobalSection(ProjectConfigurationPlatforms) = postSolution
		{A902FED5-2BCD-46C2-974A-4087C711B9DE}.Debug|Any CPU.ActiveCfg = Debug|Any CPU
		{A902FED5-2BCD-46C2-974A-4087C711B9DE}.Debug|Any CPU.Build.0 = Debug|Any CPU
		{A902FED5-2BCD-46C2-974A-4087C711B9DE}.Release|Any CPU.ActiveCfg = Release|Any CPU
		{A902FED5-2BCD-46C2-974A-4087C711B9DE}.Release|Any CPU.Build.0 = Release|Any CPU
	EndGlobalSection
	GlobalSection(SolutionProperties) = preSolution
		HideSolutionNode = FALSE
	EndGlobalSection
	GlobalSection(ExtensibilityGlobals) = postSolution
		SolutionGuid = {7F77189D-D7BD-490F-BBBA-75A38F4547C8}
	EndGlobalSection
EndGlobal
